
Microsoft Visual Studio Solution File, Format Version 12.00
# Visual Studio Version 17
VisualStudioVersion = 17.2.32516.85
MinimumVisualStudioVersion = 10.0.40219.1
Project("{FAE04EC0-301F-11D3-BF4B-00C04F79EFBC}") = "WwiseTools", "WwiseTools\WwiseTools.csproj", "{00FE4A42-1117-494C-B592-6713C3EC777C}"
EndProject
Project("{9A19103F-16F7-4668-BE54-9A1E7A4F7556}") = "Examples", "Examples\Examples.csproj", "{74F480CC-A6B2-409D-BFE4-D39334200BF3}"
EndProject
Project("{FAE04EC0-301F-11D3-BF4B-00C04F79EFBC}") = "WwiseTools_DotNet6", "WwiseTools_DotNet6\WwiseTools_DotNet6.csproj", "{A0D9F2B9-15FB-45E4-8697-EC16065F18FB}"
EndProject
Project("{FAE04EC0-301F-11D3-BF4B-00C04F79EFBC}") = "Tests", "Tests\Tests.csproj", "{A21787BD-A92A-40D3-A985-F1746E00B748}"
EndProject
Global
	GlobalSection(SolutionConfigurationPlatforms) = preSolution
		Debug|Any CPU = Debug|Any CPU
		Debug|x64 = Debug|x64
		Debug|x86 = Debug|x86
		Release|Any CPU = Release|Any CPU
		Release|x64 = Release|x64
		Release|x86 = Release|x86
	EndGlobalSection
	GlobalSection(ProjectConfigurationPlatforms) = postSolution
		{00FE4A42-1117-494C-B592-6713C3EC777C}.Debug|Any CPU.ActiveCfg = Debug|Any CPU
		{00FE4A42-1117-494C-B592-6713C3EC777C}.Debug|Any CPU.Build.0 = Debug|Any CPU
		{00FE4A42-1117-494C-B592-6713C3EC777C}.Debug|x64.ActiveCfg = Debug|x64
		{00FE4A42-1117-494C-B592-6713C3EC777C}.Debug|x64.Build.0 = Debug|x64
		{00FE4A42-1117-494C-B592-6713C3EC777C}.Debug|x86.ActiveCfg = Debug|Any CPU
		{00FE4A42-1117-494C-B592-6713C3EC777C}.Debug|x86.Build.0 = Debug|Any CPU
		{00FE4A42-1117-494C-B592-6713C3EC777C}.Release|Any CPU.ActiveCfg = Release|Any CPU
		{00FE4A42-1117-494C-B592-6713C3EC777C}.Release|Any CPU.Build.0 = Release|Any CPU
		{00FE4A42-1117-494C-B592-6713C3EC777C}.Release|x64.ActiveCfg = Release|x64
		{00FE4A42-1117-494C-B592-6713C3EC777C}.Release|x64.Build.0 = Release|x64
		{00FE4A42-1117-494C-B592-6713C3EC777C}.Release|x86.ActiveCfg = Release|x86
		{00FE4A42-1117-494C-B592-6713C3EC777C}.Release|x86.Build.0 = Release|x86
		{74F480CC-A6B2-409D-BFE4-D39334200BF3}.Debug|Any CPU.ActiveCfg = Debug|Any CPU
		{74F480CC-A6B2-409D-BFE4-D39334200BF3}.Debug|Any CPU.Build.0 = Debug|Any CPU
		{74F480CC-A6B2-409D-BFE4-D39334200BF3}.Debug|x64.ActiveCfg = Debug|Any CPU
		{74F480CC-A6B2-409D-BFE4-D39334200BF3}.Debug|x64.Build.0 = Debug|Any CPU
		{74F480CC-A6B2-409D-BFE4-D39334200BF3}.Debug|x86.ActiveCfg = Debug|Any CPU
		{74F480CC-A6B2-409D-BFE4-D39334200BF3}.Debug|x86.Build.0 = Debug|Any CPU
		{74F480CC-A6B2-409D-BFE4-D39334200BF3}.Release|Any CPU.ActiveCfg = Release|Any CPU
		{74F480CC-A6B2-409D-BFE4-D39334200BF3}.Release|Any CPU.Build.0 = Release|Any CPU
		{74F480CC-A6B2-409D-BFE4-D39334200BF3}.Release|x64.ActiveCfg = Release|Any CPU
		{74F480CC-A6B2-409D-BFE4-D39334200BF3}.Release|x64.Build.0 = Release|Any CPU
		{74F480CC-A6B2-409D-BFE4-D39334200BF3}.Release|x86.ActiveCfg = Release|Any CPU
		{74F480CC-A6B2-409D-BFE4-D39334200BF3}.Release|x86.Build.0 = Release|Any CPU
		{A0D9F2B9-15FB-45E4-8697-EC16065F18FB}.Debug|Any CPU.ActiveCfg = Debug|Any CPU
		{A0D9F2B9-15FB-45E4-8697-EC16065F18FB}.Debug|Any CPU.Build.0 = Debug|Any CPU
		{A0D9F2B9-15FB-45E4-8697-EC16065F18FB}.Debug|x64.ActiveCfg = Debug|Any CPU
		{A0D9F2B9-15FB-45E4-8697-EC16065F18FB}.Debug|x64.Build.0 = Debug|Any CPU
		{A0D9F2B9-15FB-45E4-8697-EC16065F18FB}.Debug|x86.ActiveCfg = Debug|Any CPU
		{A0D9F2B9-15FB-45E4-8697-EC16065F18FB}.Debug|x86.Build.0 = Debug|Any CPU
		{A0D9F2B9-15FB-45E4-8697-EC16065F18FB}.Release|Any CPU.ActiveCfg = Release|Any CPU
		{A0D9F2B9-15FB-45E4-8697-EC16065F18FB}.Release|Any CPU.Build.0 = Release|Any CPU
		{A0D9F2B9-15FB-45E4-8697-EC16065F18FB}.Release|x64.ActiveCfg = Release|Any CPU
		{A0D9F2B9-15FB-45E4-8697-EC16065F18FB}.Release|x64.Build.0 = Release|Any CPU
		{A0D9F2B9-15FB-45E4-8697-EC16065F18FB}.Release|x86.ActiveCfg = Release|Any CPU
		{A0D9F2B9-15FB-45E4-8697-EC16065F18FB}.Release|x86.Build.0 = Release|Any CPU
		{A21787BD-A92A-40D3-A985-F1746E00B748}.Debug|Any CPU.ActiveCfg = Debug|Any CPU
		{A21787BD-A92A-40D3-A985-F1746E00B748}.Debug|Any CPU.Build.0 = Debug|Any CPU
		{A21787BD-A92A-40D3-A985-F1746E00B748}.Debug|x64.ActiveCfg = Debug|Any CPU
		{A21787BD-A92A-40D3-A985-F1746E00B748}.Debug|x64.Build.0 = Debug|Any CPU
		{A21787BD-A92A-40D3-A985-F1746E00B748}.Debug|x86.ActiveCfg = Debug|Any CPU
		{A21787BD-A92A-40D3-A985-F1746E00B748}.Debug|x86.Build.0 = Debug|Any CPU
		{A21787BD-A92A-40D3-A985-F1746E00B748}.Release|Any CPU.ActiveCfg = Release|Any CPU
		{A21787BD-A92A-40D3-A985-F1746E00B748}.Release|Any CPU.Build.0 = Release|Any CPU
		{A21787BD-A92A-40D3-A985-F1746E00B748}.Release|x64.ActiveCfg = Release|Any CPU
		{A21787BD-A92A-40D3-A985-F1746E00B748}.Release|x64.Build.0 = Release|Any CPU
		{A21787BD-A92A-40D3-A985-F1746E00B748}.Release|x86.ActiveCfg = Release|Any CPU
		{A21787BD-A92A-40D3-A985-F1746E00B748}.Release|x86.Build.0 = Release|Any CPU
	EndGlobalSection
	GlobalSection(SolutionProperties) = preSolution
		HideSolutionNode = FALSE
	EndGlobalSection
	GlobalSection(ExtensibilityGlobals) = postSolution
		SolutionGuid = {87AC2C31-3F6D-4568-A17A-B080C1474D0D}
	EndGlobalSection
	GlobalSection(MonoDevelopProperties) = preSolution
		Policies = $0
		$0.DotNetNamingPolicy = $1
		$1.DirectoryNamespaceAssociation = PrefixedHierarchical
		$0.StandardHeader = $2
	EndGlobalSection
EndGlobal
